
Microsoft Visual Studio Solution File, Format Version 12.00
# Visual Studio Version 16
VisualStudioVersion = 16.0.29411.138
MinimumVisualStudioVersion = 10.0.40219.1
Project("{FAE04EC0-301F-11D3-BF4B-00C04F79EFBC}") = "UWP-Controls-Library", "UWP-Controls-Library\UWP-Controls-Library.csproj", "{57EB0E26-6EA4-4E4B-B88C-9A2106002189}"
EndProject
Project("{FAE04EC0-301F-11D3-BF4B-00C04F79EFBC}") = "UWP-Controls-TestApp", "UWP-Controls-TestApp\UWP-Controls-TestApp.csproj", "{88776326-3300-4BCD-85EA-EF6B28AFC378}"
EndProject
Project("{9A19103F-16F7-4668-BE54-9A1E7A4F7556}") = "Wpf-Host-Uwp-Control", "Wpf-Host-Uwp-Control\Wpf-Host-Uwp-Control.csproj", "{032927E8-C129-4EA3-8F05-3EE30197E87B}"
EndProject
Project("{2150E333-8FDC-42A3-9474-1A3956D46DE8}") = "Tools", "Tools", "{1A74A674-6CD6-4365-BC9B-F9D629C56C48}"
EndProject
Project("{C7167F0D-BC9F-4E6E-AFE1-012C56B48DB5}") = "UWP-Controls-Package", "UWP-Controls-Package\UWP-Controls-Package.wapproj", "{76FDD771-E0DF-41D2-9252-547910193878}"
EndProject
Global
	GlobalSection(SolutionConfigurationPlatforms) = preSolution
		Debug|Any CPU = Debug|Any CPU
		Debug|ARM = Debug|ARM
		Debug|ARM64 = Debug|ARM64
		Debug|x64 = Debug|x64
		Debug|x86 = Debug|x86
		Release|Any CPU = Release|Any CPU
		Release|ARM = Release|ARM
		Release|ARM64 = Release|ARM64
		Release|x64 = Release|x64
		Release|x86 = Release|x86
	EndGlobalSection
	GlobalSection(ProjectConfigurationPlatforms) = postSolution
		{57EB0E26-6EA4-4E4B-B88C-9A2106002189}.Debug|Any CPU.ActiveCfg = Debug|Any CPU
		{57EB0E26-6EA4-4E4B-B88C-9A2106002189}.Debug|Any CPU.Build.0 = Debug|Any CPU
		{57EB0E26-6EA4-4E4B-B88C-9A2106002189}.Debug|ARM.ActiveCfg = Debug|ARM
		{57EB0E26-6EA4-4E4B-B88C-9A2106002189}.Debug|ARM.Build.0 = Debug|ARM
		{57EB0E26-6EA4-4E4B-B88C-9A2106002189}.Debug|ARM64.ActiveCfg = Debug|ARM64
		{57EB0E26-6EA4-4E4B-B88C-9A2106002189}.Debug|ARM64.Build.0 = Debug|ARM64
		{57EB0E26-6EA4-4E4B-B88C-9A2106002189}.Debug|x64.ActiveCfg = Debug|x64
		{57EB0E26-6EA4-4E4B-B88C-9A2106002189}.Debug|x64.Build.0 = Debug|x64
		{57EB0E26-6EA4-4E4B-B88C-9A2106002189}.Debug|x86.ActiveCfg = Debug|x86
		{57EB0E26-6EA4-4E4B-B88C-9A2106002189}.Debug|x86.Build.0 = Debug|x86
		{57EB0E26-6EA4-4E4B-B88C-9A2106002189}.Release|Any CPU.ActiveCfg = Release|Any CPU
		{57EB0E26-6EA4-4E4B-B88C-9A2106002189}.Release|Any CPU.Build.0 = Release|Any CPU
		{57EB0E26-6EA4-4E4B-B88C-9A2106002189}.Release|ARM.ActiveCfg = Release|ARM
		{57EB0E26-6EA4-4E4B-B88C-9A2106002189}.Release|ARM.Build.0 = Release|ARM
		{57EB0E26-6EA4-4E4B-B88C-9A2106002189}.Release|ARM64.ActiveCfg = Release|ARM64
		{57EB0E26-6EA4-4E4B-B88C-9A2106002189}.Release|ARM64.Build.0 = Release|ARM64
		{57EB0E26-6EA4-4E4B-B88C-9A2106002189}.Release|x64.ActiveCfg = Release|x64
		{57EB0E26-6EA4-4E4B-B88C-9A2106002189}.Release|x64.Build.0 = Release|x64
		{57EB0E26-6EA4-4E4B-B88C-9A2106002189}.Release|x86.ActiveCfg = Release|x86
		{57EB0E26-6EA4-4E4B-B88C-9A2106002189}.Release|x86.Build.0 = Release|x86
		{88776326-3300-4BCD-85EA-EF6B28AFC378}.Debug|Any CPU.ActiveCfg = Debug|x86
		{88776326-3300-4BCD-85EA-EF6B28AFC378}.Debug|ARM.ActiveCfg = Debug|ARM
		{88776326-3300-4BCD-85EA-EF6B28AFC378}.Debug|ARM.Build.0 = Debug|ARM
		{88776326-3300-4BCD-85EA-EF6B28AFC378}.Debug|ARM.Deploy.0 = Debug|ARM
		{88776326-3300-4BCD-85EA-EF6B28AFC378}.Debug|ARM64.ActiveCfg = Debug|ARM64
		{88776326-3300-4BCD-85EA-EF6B28AFC378}.Debug|ARM64.Build.0 = Debug|ARM64
		{88776326-3300-4BCD-85EA-EF6B28AFC378}.Debug|ARM64.Deploy.0 = Debug|ARM64
		{88776326-3300-4BCD-85EA-EF6B28AFC378}.Debug|x64.ActiveCfg = Debug|x64
		{88776326-3300-4BCD-85EA-EF6B28AFC378}.Debug|x64.Build.0 = Debug|x64
		{88776326-3300-4BCD-85EA-EF6B28AFC378}.Debug|x64.Deploy.0 = Debug|x64
		{88776326-3300-4BCD-85EA-EF6B28AFC378}.Debug|x86.ActiveCfg = Debug|x86
		{88776326-3300-4BCD-85EA-EF6B28AFC378}.Debug|x86.Build.0 = Debug|x86
		{88776326-3300-4BCD-85EA-EF6B28AFC378}.Debug|x86.Deploy.0 = Debug|x86
		{88776326-3300-4BCD-85EA-EF6B28AFC378}.Release|Any CPU.ActiveCfg = Release|x86
		{88776326-3300-4BCD-85EA-EF6B28AFC378}.Release|ARM.ActiveCfg = Release|ARM
		{88776326-3300-4BCD-85EA-EF6B28AFC378}.Release|ARM.Build.0 = Release|ARM
		{88776326-3300-4BCD-85EA-EF6B28AFC378}.Release|ARM.Deploy.0 = Release|ARM
		{88776326-3300-4BCD-85EA-EF6B28AFC378}.Release|ARM64.ActiveCfg = Release|ARM64
		{88776326-3300-4BCD-85EA-EF6B28AFC378}.Release|ARM64.Build.0 = Release|ARM64
		{88776326-3300-4BCD-85EA-EF6B28AFC378}.Release|ARM64.Deploy.0 = Release|ARM64
		{88776326-3300-4BCD-85EA-EF6B28AFC378}.Release|x64.ActiveCfg = Release|x64
		{88776326-3300-4BCD-85EA-EF6B28AFC378}.Release|x64.Build.0 = Release|x64
		{88776326-3300-4BCD-85EA-EF6B28AFC378}.Release|x64.Deploy.0 = Release|x64
		{88776326-3300-4BCD-85EA-EF6B28AFC378}.Release|x86.ActiveCfg = Release|x86
		{88776326-3300-4BCD-85EA-EF6B28AFC378}.Release|x86.Build.0 = Release|x86
		{88776326-3300-4BCD-85EA-EF6B28AFC378}.Release|x86.Deploy.0 = Release|x86
		{032927E8-C129-4EA3-8F05-3EE30197E87B}.Debug|Any CPU.ActiveCfg = Debug|Any CPU
		{032927E8-C129-4EA3-8F05-3EE30197E87B}.Debug|Any CPU.Build.0 = Debug|Any CPU
		{032927E8-C129-4EA3-8F05-3EE30197E87B}.Debug|ARM.ActiveCfg = Debug|Any CPU
		{032927E8-C129-4EA3-8F05-3EE30197E87B}.Debug|ARM.Build.0 = Debug|Any CPU
		{032927E8-C129-4EA3-8F05-3EE30197E87B}.Debug|ARM64.ActiveCfg = Debug|Any CPU
		{032927E8-C129-4EA3-8F05-3EE30197E87B}.Debug|ARM64.Build.0 = Debug|Any CPU
		{032927E8-C129-4EA3-8F05-3EE30197E87B}.Debug|x64.ActiveCfg = Debug|Any CPU
		{032927E8-C129-4EA3-8F05-3EE30197E87B}.Debug|x64.Build.0 = Debug|Any CPU
		{032927E8-C129-4EA3-8F05-3EE30197E87B}.Debug|x86.ActiveCfg = Debug|Any CPU
		{032927E8-C129-4EA3-8F05-3EE30197E87B}.Debug|x86.Build.0 = Debug|Any CPU
		{032927E8-C129-4EA3-8F05-3EE30197E87B}.Release|Any CPU.ActiveCfg = Release|Any CPU
		{032927E8-C129-4EA3-8F05-3EE30197E87B}.Release|Any CPU.Build.0 = Release|Any CPU
		{032927E8-C129-4EA3-8F05-3EE30197E87B}.Release|ARM.ActiveCfg = Release|Any CPU
		{032927E8-C129-4EA3-8F05-3EE30197E87B}.Release|ARM.Build.0 = Release|Any CPU
		{032927E8-C129-4EA3-8F05-3EE30197E87B}.Release|ARM64.ActiveCfg = Release|Any CPU
		{032927E8-C129-4EA3-8F05-3EE30197E87B}.Release|ARM64.Build.0 = Release|Any CPU
		{032927E8-C129-4EA3-8F05-3EE30197E87B}.Release|x64.ActiveCfg = Release|Any CPU
		{032927E8-C129-4EA3-8F05-3EE30197E87B}.Release|x64.Build.0 = Release|Any CPU
		{032927E8-C129-4EA3-8F05-3EE30197E87B}.Release|x86.ActiveCfg = Release|Any CPU
		{032927E8-C129-4EA3-8F05-3EE30197E87B}.Release|x86.Build.0 = Release|Any CPU
		{76FDD771-E0DF-41D2-9252-547910193878}.Debug|Any CPU.ActiveCfg = Debug|Any CPU
		{76FDD771-E0DF-41D2-9252-547910193878}.Debug|Any CPU.Build.0 = Debug|Any CPU
		{76FDD771-E0DF-41D2-9252-547910193878}.Debug|Any CPU.Deploy.0 = Debug|Any CPU
		{76FDD771-E0DF-41D2-9252-547910193878}.Debug|ARM.ActiveCfg = Debug|ARM
		{76FDD771-E0DF-41D2-9252-547910193878}.Debug|ARM.Build.0 = Debug|ARM
		{76FDD771-E0DF-41D2-9252-547910193878}.Debug|ARM.Deploy.0 = Debug|ARM
		{76FDD771-E0DF-41D2-9252-547910193878}.Debug|ARM64.ActiveCfg = Debug|ARM64
		{76FDD771-E0DF-41D2-9252-547910193878}.Debug|ARM64.Build.0 = Debug|ARM64
		{76FDD771-E0DF-41D2-9252-547910193878}.Debug|ARM64.Deploy.0 = Debug|ARM64
		{76FDD771-E0DF-41D2-9252-547910193878}.Debug|x64.ActiveCfg = Debug|x64
		{76FDD771-E0DF-41D2-9252-547910193878}.Debug|x64.Build.0 = Debug|x64
		{76FDD771-E0DF-41D2-9252-547910193878}.Debug|x64.Deploy.0 = Debug|x64
		{76FDD771-E0DF-41D2-9252-547910193878}.Debug|x86.ActiveCfg = Debug|x86
		{76FDD771-E0DF-41D2-9252-547910193878}.Debug|x86.Build.0 = Debug|x86
		{76FDD771-E0DF-41D2-9252-547910193878}.Debug|x86.Deploy.0 = Debug|x86
		{76FDD771-E0DF-41D2-9252-547910193878}.Release|Any CPU.ActiveCfg = Release|Any CPU
		{76FDD771-E0DF-41D2-9252-547910193878}.Release|Any CPU.Build.0 = Release|Any CPU
		{76FDD771-E0DF-41D2-9252-547910193878}.Release|Any CPU.Deploy.0 = Release|Any CPU
		{76FDD771-E0DF-41D2-9252-547910193878}.Release|ARM.ActiveCfg = Release|ARM
		{76FDD771-E0DF-41D2-9252-547910193878}.Release|ARM.Build.0 = Release|ARM
		{76FDD771-E0DF-41D2-9252-547910193878}.Release|ARM.Deploy.0 = Release|ARM
		{76FDD771-E0DF-41D2-9252-547910193878}.Release|ARM64.ActiveCfg = Release|ARM64
		{76FDD771-E0DF-41D2-9252-547910193878}.Release|ARM64.Build.0 = Release|ARM64
		{76FDD771-E0DF-41D2-9252-547910193878}.Release|ARM64.Deploy.0 = Release|ARM64
		{76FDD771-E0DF-41D2-9252-547910193878}.Release|x64.ActiveCfg = Release|x64
		{76FDD771-E0DF-41D2-9252-547910193878}.Release|x64.Build.0 = Release|x64
		{76FDD771-E0DF-41D2-9252-547910193878}.Release|x64.Deploy.0 = Release|x64
		{76FDD771-E0DF-41D2-9252-547910193878}.Release|x86.ActiveCfg = Release|x86
		{76FDD771-E0DF-41D2-9252-547910193878}.Release|x86.Build.0 = Release|x86
		{76FDD771-E0DF-41D2-9252-547910193878}.Release|x86.Deploy.0 = Release|x86
	EndGlobalSection
	GlobalSection(SolutionProperties) = preSolution
		HideSolutionNode = FALSE
	EndGlobalSection
	GlobalSection(ExtensibilityGlobals) = postSolution
		SolutionGuid = {390CCFD8-BAF3-4F78-A4B4-68BC2323B6E7}
	EndGlobalSection
EndGlobal
